
Microsoft Visual Studio Solution File, Format Version 12.00
# Visual Studio 15
VisualStudioVersion = 15.0.26430.14
MinimumVisualStudioVersion = 10.0.40219.1
Project("{FAE04EC0-301F-11D3-BF4B-00C04F79EFBC}") = "BLL", "BLL\BLL.csproj", "{3ADE8B12-33CA-4FDD-AE21-64AA45C23E5E}"
EndProject
Project("{FAE04EC0-301F-11D3-BF4B-00C04F79EFBC}") = "DTO", "DTO\DTO.csproj", "{F354386F-07D2-44B4-886B-7AAB2A7572EF}"
EndProject
Project("{FAE04EC0-301F-11D3-BF4B-00C04F79EFBC}") = "WebService", "WebService\WebService.csproj", "{11A4B08C-56EC-434F-8200-4FADD4527B36}"
EndProject
Project("{FAE04EC0-301F-11D3-BF4B-00C04F79EFBC}") = "DAL", "DAL\DAL.csproj", "{83B38338-C205-4BE8-A3E9-68ADDBADFD2E}"
EndProject
Global
	GlobalSection(SolutionConfigurationPlatforms) = preSolution
		Debug|Any CPU = Debug|Any CPU
		Release|Any CPU = Release|Any CPU
	EndGlobalSection
	GlobalSection(ProjectConfigurationPlatforms) = postSolution
		{3ADE8B12-33CA-4FDD-AE21-64AA45C23E5E}.Debug|Any CPU.ActiveCfg = Debug|Any CPU
		{3ADE8B12-33CA-4FDD-AE21-64AA45C23E5E}.Debug|Any CPU.Build.0 = Debug|Any CPU
		{3ADE8B12-33CA-4FDD-AE21-64AA45C23E5E}.Release|Any CPU.ActiveCfg = Release|Any CPU
		{3ADE8B12-33CA-4FDD-AE21-64AA45C23E5E}.Release|Any CPU.Build.0 = Release|Any CPU
		{F354386F-07D2-44B4-886B-7AAB2A7572EF}.Debug|Any CPU.ActiveCfg = Debug|Any CPU
		{F354386F-07D2-44B4-886B-7AAB2A7572EF}.Debug|Any CPU.Build.0 = Debug|Any CPU
		{F354386F-07D2-44B4-886B-7AAB2A7572EF}.Release|Any CPU.ActiveCfg = Release|Any CPU
		{F354386F-07D2-44B4-886B-7AAB2A7572EF}.Release|Any CPU.Build.0 = Release|Any CPU
		{11A4B08C-56EC-434F-8200-4FADD4527B36}.Debug|Any CPU.ActiveCfg = Debug|Any CPU
		{11A4B08C-56EC-434F-8200-4FADD4527B36}.Debug|Any CPU.Build.0 = Debug|Any CPU
		{11A4B08C-56EC-434F-8200-4FADD4527B36}.Release|Any CPU.ActiveCfg = Release|Any CPU
		{11A4B08C-56EC-434F-8200-4FADD4527B36}.Release|Any CPU.Build.0 = Release|Any CPU
		{83B38338-C205-4BE8-A3E9-68ADDBADFD2E}.Debug|Any CPU.ActiveCfg = Debug|Any CPU
		{83B38338-C205-4BE8-A3E9-68ADDBADFD2E}.Debug|Any CPU.Build.0 = Debug|Any CPU
		{83B38338-C205-4BE8-A3E9-68ADDBADFD2E}.Release|Any CPU.ActiveCfg = Release|Any CPU
		{83B38338-C205-4BE8-A3E9-68ADDBADFD2E}.Release|Any CPU.Build.0 = Release|Any CPU
	EndGlobalSection
	GlobalSection(SolutionProperties) = preSolution
		HideSolutionNode = FALSE
	EndGlobalSection
	GlobalSection(ExtensibilityGlobals) = postSolution
		SolutionGuid = {961DEA6A-AC4F-490A-BD25-B0E5D2657CB1}
	EndGlobalSection
EndGlobal
